
Microsoft Visual Studio Solution File, Format Version 12.00
# Visual Studio Version 17
VisualStudioVersion = 17.10.35004.147
MinimumVisualStudioVersion = 10.0.40219.1
Project("{FAE04EC0-301F-11D3-BF4B-00C04F79EFBC}") = "LibraryProject", "LibraryProject.csproj", "{EE095F32-0E3B-42D5-A948-EA483F04C6C9}"
EndProject
Global
	GlobalSection(SolutionConfigurationPlatforms) = preSolution
		Debug|Any CPU = Debug|Any CPU
		Release|Any CPU = Release|Any CPU
	EndGlobalSection
	GlobalSection(ProjectConfigurationPlatforms) = postSolution
		{EE095F32-0E3B-42D5-A948-EA483F04C6C9}.Debug|Any CPU.ActiveCfg = Debug|Any CPU
		{EE095F32-0E3B-42D5-A948-EA483F04C6C9}.Debug|Any CPU.Build.0 = Debug|Any CPU
		{EE095F32-0E3B-42D5-A948-EA483F04C6C9}.Release|Any CPU.ActiveCfg = Release|Any CPU
		{EE095F32-0E3B-42D5-A948-EA483F04C6C9}.Release|Any CPU.Build.0 = Release|Any CPU
	EndGlobalSection
	GlobalSection(SolutionProperties) = preSolution
		HideSolutionNode = FALSE
	EndGlobalSection
	GlobalSection(ExtensibilityGlobals) = postSolution
		SolutionGuid = {582E9227-E583-4F78-9318-95935CC786EB}
	EndGlobalSection
EndGlobal
